
Microsoft Visual Studio Solution File, Format Version 12.00
# Visual Studio Version 17
VisualStudioVersion = 17.4.33205.214
MinimumVisualStudioVersion = 10.0.40219.1
Project("{72AFA518-1E25-414D-96D6-39FB03F302AC}") = "NeosDialogBuilder", "NeosDialogBuilder\NeosDialogBuilder.csproj", "{489DE7B6-A29F-46FD-97F0-3F8E0AEBCA94}"
EndProject
Project("{72AFA518-1E25-414D-96D6-39FB03F302AC}") = "Test", "Test\Test.csproj", "{90D5E1F6-AFE2-4FE9-8ACE-08C51F859829}"
	ProjectSection(ProjectDependencies) = postProject
		{489DE7B6-A29F-46FD-97F0-3F8E0AEBCA94} = {489DE7B6-A29F-46FD-97F0-3F8E0AEBCA94}
	EndProjectSection
EndProject
Global
	GlobalSection(SolutionConfigurationPlatforms) = preSolution
		Debug|Any CPU = Debug|Any CPU
		Release|Any CPU = Release|Any CPU
	EndGlobalSection
	GlobalSection(ProjectConfigurationPlatforms) = postSolution
		{489DE7B6-A29F-46FD-97F0-3F8E0AEBCA94}.Debug|Any CPU.ActiveCfg = Debug|Any CPU
		{489DE7B6-A29F-46FD-97F0-3F8E0AEBCA94}.Debug|Any CPU.Build.0 = Debug|Any CPU
		{489DE7B6-A29F-46FD-97F0-3F8E0AEBCA94}.Release|Any CPU.ActiveCfg = Release|Any CPU
		{489DE7B6-A29F-46FD-97F0-3F8E0AEBCA94}.Release|Any CPU.Build.0 = Release|Any CPU
		{90D5E1F6-AFE2-4FE9-8ACE-08C51F859829}.Debug|Any CPU.ActiveCfg = Debug|Any CPU
		{90D5E1F6-AFE2-4FE9-8ACE-08C51F859829}.Debug|Any CPU.Build.0 = Debug|Any CPU
		{90D5E1F6-AFE2-4FE9-8ACE-08C51F859829}.Release|Any CPU.ActiveCfg = Release|Any CPU
		{90D5E1F6-AFE2-4FE9-8ACE-08C51F859829}.Release|Any CPU.Build.0 = Release|Any CPU
	EndGlobalSection
	GlobalSection(SolutionProperties) = preSolution
		HideSolutionNode = FALSE
	EndGlobalSection
	GlobalSection(ExtensibilityGlobals) = postSolution
		SolutionGuid = {489DE7B6-A29F-46FD-97F0-3F8E0AEBCA94}
	EndGlobalSection
EndGlobal
